
Microsoft Visual Studio Solution File, Format Version 12.00
# Visual Studio Version 17
VisualStudioVersion = 17.9.34622.214
MinimumVisualStudioVersion = 10.0.40219.1
Project("{FAE04EC0-301F-11D3-BF4B-00C04F79EFBC}") = "DemoDoAn", "DemoDoAn\DemoDoAn.csproj", "{1D4D92E9-0A83-47A0-A688-C0A6B57CA9BA}"
EndProject
Global
	GlobalSection(SolutionConfigurationPlatforms) = preSolution
		Debug|Any CPU = Debug|Any CPU
		Release|Any CPU = Release|Any CPU
	EndGlobalSection
	GlobalSection(ProjectConfigurationPlatforms) = postSolution
		{1D4D92E9-0A83-47A0-A688-C0A6B57CA9BA}.Debug|Any CPU.ActiveCfg = Debug|Any CPU
		{1D4D92E9-0A83-47A0-A688-C0A6B57CA9BA}.Debug|Any CPU.Build.0 = Debug|Any CPU
		{1D4D92E9-0A83-47A0-A688-C0A6B57CA9BA}.Release|Any CPU.ActiveCfg = Release|Any CPU
		{1D4D92E9-0A83-47A0-A688-C0A6B57CA9BA}.Release|Any CPU.Build.0 = Release|Any CPU
	EndGlobalSection
	GlobalSection(SolutionProperties) = preSolution
		HideSolutionNode = FALSE
	EndGlobalSection
	GlobalSection(ExtensibilityGlobals) = postSolution
		SolutionGuid = {D27892FA-4A8D-4F5C-AA8C-8B6548EF8B5D}
	EndGlobalSection
EndGlobal
